{
  "name": "typescript-hello-world",
  "version": "1.0.0",
  "lockfileVersion": 1,
  "requires": true,
  "dependencies": {
    "@types/three": {
      "version": "0.93.30",
      "resolved": "https://registry.npmjs.org/@types/three/-/three-0.93.30.tgz",
      "integrity": "sha512-PKynehMvPQ7/Jmqnz4aFTaUHTmT2VAT8qPnHSaXq8TawXjmRIvAeI+84gsU9LwzRyMZ37z81qkJJdofjfhnysA=="
    },
    "three": {
      "version": "0.103.0",
      "resolved": "https://registry.npmjs.org/three/-/three-0.103.0.tgz",
      "integrity": "sha512-4WKRHTMt96sp+lX+Hx/eHtN9CWFyejDqr1ikgxZUJIkKEHVglSE7FY8n81NC6yWXqVSjUIQQppaxsoUe26Zi9g=="
    }
  }
}
